
Microsoft Visual Studio Solution File, Format Version 12.00
# Visual Studio Version 17
VisualStudioVersion = 17.5.33530.505
MinimumVisualStudioVersion = 10.0.40219.1
Project("{FAE04EC0-301F-11D3-BF4B-00C04F79EFBC}") = "ObligatorioProg3_Estadio", "ObligatorioProg3_Estadio\ObligatorioProg3_Estadio.csproj", "{387CC726-3060-4B85-9AB3-C8EB39EEDC0C}"
EndProject
Project("{FAE04EC0-301F-11D3-BF4B-00C04F79EFBC}") = "BibliotecaClases", "BibliotecaClases\BibliotecaClases.csproj", "{787B81CF-7C7B-4696-B8AA-BAEF35BB7A32}"
EndProject
Global
	GlobalSection(SolutionConfigurationPlatforms) = preSolution
		Debug|Any CPU = Debug|Any CPU
		Release|Any CPU = Release|Any CPU
	EndGlobalSection
	GlobalSection(ProjectConfigurationPlatforms) = postSolution
		{387CC726-3060-4B85-9AB3-C8EB39EEDC0C}.Debug|Any CPU.ActiveCfg = Debug|Any CPU
		{387CC726-3060-4B85-9AB3-C8EB39EEDC0C}.Debug|Any CPU.Build.0 = Debug|Any CPU
		{387CC726-3060-4B85-9AB3-C8EB39EEDC0C}.Release|Any CPU.ActiveCfg = Release|Any CPU
		{387CC726-3060-4B85-9AB3-C8EB39EEDC0C}.Release|Any CPU.Build.0 = Release|Any CPU
		{787B81CF-7C7B-4696-B8AA-BAEF35BB7A32}.Debug|Any CPU.ActiveCfg = Debug|Any CPU
		{787B81CF-7C7B-4696-B8AA-BAEF35BB7A32}.Debug|Any CPU.Build.0 = Debug|Any CPU
		{787B81CF-7C7B-4696-B8AA-BAEF35BB7A32}.Release|Any CPU.ActiveCfg = Release|Any CPU
		{787B81CF-7C7B-4696-B8AA-BAEF35BB7A32}.Release|Any CPU.Build.0 = Release|Any CPU
	EndGlobalSection
	GlobalSection(SolutionProperties) = preSolution
		HideSolutionNode = FALSE
	EndGlobalSection
	GlobalSection(ExtensibilityGlobals) = postSolution
		SolutionGuid = {ECCB6852-F280-4C2D-BB68-142F932FA147}
	EndGlobalSection
EndGlobal
